
Microsoft Visual Studio Solution File, Format Version 12.00
# Visual Studio Version 16
VisualStudioVersion = 16.0.32407.337
MinimumVisualStudioVersion = 10.0.40219.1
Project("{FAE04EC0-301F-11D3-BF4B-00C04F79EFBC}") = "LAB1", "LAB1\LAB1.csproj", "{6C2F6C90-1316-4F52-9FC1-AD754233FA78}"
EndProject
Global
	GlobalSection(SolutionConfigurationPlatforms) = preSolution
		Debug|Any CPU = Debug|Any CPU
		Release|Any CPU = Release|Any CPU
	EndGlobalSection
	GlobalSection(ProjectConfigurationPlatforms) = postSolution
		{6C2F6C90-1316-4F52-9FC1-AD754233FA78}.Debug|Any CPU.ActiveCfg = Debug|Any CPU
		{6C2F6C90-1316-4F52-9FC1-AD754233FA78}.Debug|Any CPU.Build.0 = Debug|Any CPU
		{6C2F6C90-1316-4F52-9FC1-AD754233FA78}.Release|Any CPU.ActiveCfg = Release|Any CPU
		{6C2F6C90-1316-4F52-9FC1-AD754233FA78}.Release|Any CPU.Build.0 = Release|Any CPU
	EndGlobalSection
	GlobalSection(SolutionProperties) = preSolution
		HideSolutionNode = FALSE
	EndGlobalSection
	GlobalSection(ExtensibilityGlobals) = postSolution
		SolutionGuid = {8ED35839-7269-453F-A007-234A7A4CDBD6}
	EndGlobalSection
EndGlobal
